// !$*UTF8*$!
{
	archiveVersion = 1;
	classes = {
	};
	objectVersion = 46;
	objects = {

/* Begin PBXBuildFile section */
		989820D21EEDB0D00070BCED /* AppDelegate.swift in Sources */ = {isa = PBXBuildFile; fileRef = 989820D11EEDB0D00070BCED /* AppDelegate.swift */; };
		989820D41EEDB0D00070BCED /* ViewController.swift in Sources */ = {isa = PBXBuildFile; fileRef = 989820D31EEDB0D00070BCED /* ViewController.swift */; };
		989820D71EEDB0D00070BCED /* Main.storyboard in Resources */ = {isa = PBXBuildFile; fileRef = 989820D51EEDB0D00070BCED /* Main.storyboard */; };
		989820D91EEDB0D00070BCED /* Assets.xcassets in Resources */ = {isa = PBXBuildFile; fileRef = 989820D81EEDB0D00070BCED /* Assets.xcassets */; };
		989820DC1EEDB0D00070BCED /* LaunchScreen.storyboard in Resources */ = {isa = PBXBuildFile; fileRef = 989820DA1EEDB0D00070BCED /* LaunchScreen.storyboard */; };
/* End PBXBuildFile section */

/* Begin PBXFileReference section */
		989820CE1EEDB0D00070BCED /* SimpleWeather.app */ = {isa = PBXFileReference; explicitFileType = wrapper.application; includeInIndex = 0; path = SimpleWeather.app; sourceTree = BUILT_PRODUCTS_DIR; };
		989820D11EEDB0D00070BCED /* AppDelegate.swift */ = {isa = PBXFileReference; lastKnownFileType = sourcecode.swift; path = AppDelegate.swift; sourceTree = "<group>"; };
		989820D31EEDB0D00070BCED /* ViewController.swift */ = {isa = PBXFileReference; lastKnownFileType = sourcecode.swift; path = ViewController.swift; sourceTree = "<group>"; };
		989820D61EEDB0D00070BCED /* Base */ = {isa = PBXFileReference; lastKnownFileType = file.storyboard; name = Base; path = Base.lproj/Main.storyboard; sourceTree = "<group>"; };
		989820D81EEDB0D00070BCED /* Assets.xcassets */ = {isa = PBXFileReference; lastKnownFileType = folder.assetcatalog; path = Assets.xcassets; sourceTree = "<group>"; };
		989820DB1EEDB0D00070BCED /* Base */ = {isa = PBXFileReference; lastKnownFileType = file.storyboard; name = Base; path = Base.lproj/LaunchScreen.storyboard; sourceTree = "<group>"; };
		989820DD1EEDB0D00070BCED /* Info.plist */ = {isa = PBXFileReference; lastKnownFileType = text.plist.xml; path = Info.plist; sourceTree = "<group>"; };
/* End PBXFileReference section */

/* Begin PBXFrameworksBuildPhase section */
		989820CB1EEDB0D00070BCED /* Frameworks */ = {
			isa = PBXFrameworksBuildPhase;
			buildActionMask = 2147483647;
			files = (
			);
			runOnlyForDeploymentPostprocessing = 0;
		};
/* End PBXFrameworksBuildPhase section */

/* Begin PBXGroup section */
		989820C51EEDB0D00070BCED = {
			isa = PBXGroup;
			children = (
				989820D01EEDB0D00070BCED /* SimpleWeather */,
				989820CF1EEDB0D00070BCED /* Products */,
			);
			sourceTree = "<group>";
		};
		989820CF1EEDB0D00070BCED /* Products */ = {
			isa = PBXGroup;
			children = (
				989820CE1EEDB0D00070BCED /* SimpleWeather.app */,
			);
			name = Products;
			sourceTree = "<group>";
		};
		989820D01EEDB0D00070BCED /* SimpleWeather */ = {
			isa = PBXGroup;
			children = (
				989820D11EEDB0D00070BCED /* AppDelegate.swift */,
				989820D31EEDB0D00070BCED /* ViewController.swift */,
				989820D51EEDB0D00070BCED /* Main.storyboard */,
				989820D81EEDB0D00070BCED /* Assets.xcassets */,
				989820DA1EEDB0D00070BCED /* LaunchScreen.storyboard */,
				989820DD1EEDB0D00070BCED /* Info.plist */,
			);
			path = SimpleWeather;
			sourceTree = "<group>";
		};
/* End PBXGroup section */

/* Begin PBXNativeTarget section */
		989820CD1EEDB0D00070BCED /* SimpleWeather */ = {
			isa = PBXNativeTarget;
			buildConfigurationList = 989820E01EEDB0D00070BCED /* Build configuration list for PBXNativeTarget "SimpleWeather" */;
			buildPhases = (
				989820CA1EEDB0D00070BCED /* Sources */,
				989820CB1EEDB0D00070BCED /* Frameworks */,
				989820CC1EEDB0D00070BCED /* Resources */,
			);
			buildRules = (
			);
			dependencies = (
			);
			name = SimpleWeather;
			productName = SimpleWeather;
			productReference = 989820CE1EEDB0D00070BCED /* SimpleWeather.app */;
			productType = "com.apple.product-type.application";
		};
/* End PBXNativeTarget section */

/* Begin PBXProject section */
		989820C61EEDB0D00070BCED /* Project object */ = {
			isa = PBXProject;
			attributes = {
				LastSwiftUpdateCheck = 0820;
				LastUpgradeCheck = 0820;
				ORGANIZATIONNAME = "CROSS-A";
				TargetAttributes = {
					989820CD1EEDB0D00070BCED = {
						CreatedOnToolsVersion = 8.2.1;
						DevelopmentTeam = 29BFEDRFS6;
						ProvisioningStyle = Automatic;
					};
				};
			};
			buildConfigurationList = 989820C91EEDB0D00070BCED /* Build configuration list for PBXProject "SimpleWeather" */;
			compatibilityVersion = "Xcode 3.2";
			developmentRegion = English;
			hasScannedForEncodings = 0;
			knownRegions = (
				en,
				Base,
			);
			mainGroup = 989820C51EEDB0D00070BCED;
			productRefGroup = 989820CF1EEDB0D00070BCED /* Products */;
			projectDirPath = "";
			projectRoot = "";
			targets = (
				989820CD1EEDB0D00070BCED /* SimpleWeather */,
			);
		};
/* End PBXProject section */

/* Begin PBXResourcesBuildPhase section */
		989820CC1EEDB0D00070BCED /* Resources */ = {
			isa = PBXResourcesBuildPhase;
			buildActionMask = 2147483647;
			files = (
				989820DC1EEDB0D00070BCED /* LaunchScreen.storyboard in Resources */,
				989820D91EEDB0D00070BCED /* Assets.xcassets in Resources */,
				989820D71EEDB0D00070BCED /* Main.storyboard in Resources */,
			);
			runOnlyForDeploymentPostprocessing = 0;
		};
/* End PBXResourcesBuildPhase section */

/* Begin PBXSourcesBuildPhase section */
		989820CA1EEDB0D00070BCED /* Sources */ = {
			isa = PBXSourcesBuildPhase;
			buildActionMask = 2147483647;
			files = (
				989820D41EEDB0D00070BCED /* ViewController.swift in Sources */,
				989820D21EEDB0D00070BCED /* AppDelegate.swift in Sources */,
			);
			runOnlyForDeploymentPostprocessing = 0;
		};
/* End PBXSourcesBuildPhase section */

/* Begin PBXVariantGroup section */
		989820D51EEDB0D00070BCED /* Main.storyboard */ = {
			isa = PBXVariantGroup;
			children = (
				989820D61EEDB0D00070BCED /* Base */,
			);
			name = Main.storyboard;
			sourceTree = "<group>";
		};
		989820DA1EEDB0D00070BCED /* LaunchScreen.storyboard */ = {
			isa = PBXVariantGroup;
			children = (
				989820DB1EEDB0D00070BCED /* Base */,
			);
			name = LaunchScreen.storyboard;
			sourceTree = "<group>";
		};
/* End PBXVariantGroup section */

/* Begin XCBuildConfiguration section */
		989820DE1EEDB0D00070BCED /* Debug */ = {
			isa = XCBuildConfiguration;
			buildSettings = {
				ALWAYS_SEARCH_USER_PATHS = NO;
				CLANG_ANALYZER_NONNULL = YES;
				CLANG_CXX_LANGUAGE_STANDARD = "gnu++0x";
				CLANG_CXX_LIBRARY = "libc++";
				CLANG_ENABLE_MODULES = YES;
				CLANG_ENABLE_OBJC_ARC = YES;
				CLANG_WARN_BOOL_CONVERSION = YES;
				CLANG_WARN_CONSTANT_CONVERSION = YES;
				CLANG_WARN_DIRECT_OBJC_ISA_USAGE = YES_ERROR;
				CLANG_WARN_DOCUMENTATION_COMMENTS = YES;
				CLANG_WARN_EMPTY_BODY = YES;
				CLANG_WARN_ENUM_CONVERSION = YES;
				CLANG_WARN_INFINITE_RECURSION = YES;
				CLANG_WARN_INT_CONVERSION = YES;
				CLANG_WARN_OBJC_ROOT_CLASS = YES_ERROR;
				CLANG_WARN_SUSPICIOUS_MOVE = YES;
				CLANG_WARN_UNREACHABLE_CODE = YES;
				CLANG_WARN__DUPLICATE_METHOD_MATCH = YES;
				"CODE_SIGN_IDENTITY[sdk=iphoneos*]" = "iPhone Developer";
				COPY_PHASE_STRIP = NO;
				DEBUG_INFORMATION_FORMAT = dwarf;
				ENABLE_STRICT_OBJC_MSGSEND = YES;
				ENABLE_TESTABILITY = YES;
				GCC_C_LANGUAGE_STANDARD = gnu99;
				GCC_DYNAMIC_NO_PIC = NO;
				GCC_NO_COMMON_BLOCKS = YES;
				GCC_OPTIMIZATION_LEVEL = 0;
				GCC_PREPROCESSOR_DEFINITIONS = (
					"DEBUG=1",
					"$(inherited)",
				);
				GCC_WARN_64_TO_32_BIT_CONVERSION = YES;
				GCC_WARN_ABOUT_RETURN_TYPE = YES_ERROR;
				GCC_WARN_UNDECLARED_SELECTOR = YES;
				GCC_WARN_UNINITIALIZED_AUTOS = YES_AGGRESSIVE;
				GCC_WARN_UNUSED_FUNCTION = YES;
				GCC_WARN_UNUSED_VARIABLE = YES;
				IPHONEOS_DEPLOYMENT_TARGET = 10.2;
				MTL_ENABLE_DEBUG_INFO = YES;
				ONLY_ACTIVE_ARCH = YES;
				SDKROOT = iphoneos;
				SWIFT_ACTIVE_COMPILATION_CONDITIONS = DEBUG;
				SWIFT_OPTIMIZATION_LEVEL = "-Onone";
			};
			name = Debug;
		};
		989820DF1EEDB0D00070BCED /* Release */ = {
			isa = XCBuildConfiguration;
			buildSettings = {
				ALWAYS_SEARCH_USER_PATHS = NO;
				CLANG_ANALYZER_NONNULL = YES;
				CLANG_CXX_LANGUAGE_STANDARD = "gnu++0x";
				CLANG_CXX_LIBRARY = "libc++";
				CLANG_ENABLE_MODULES = YES;
				CLANG_ENABLE_OBJC_ARC = YES;
				CLANG_WARN_BOOL_CONVERSION = YES;
				CLANG_WARN_CONSTANT_CONVERSION = YES;
				CLANG_WARN_DIRECT_OBJC_ISA_USAGE = YES_ERROR;
				CLANG_WARN_DOCUMENTATION_COMMENTS = YES;
				CLANG_WARN_EMPTY_BODY = YES;
				CLANG_WARN_ENUM_CONVERSION = YES;
				CLANG_WARN_INFINITE_RECURSION = YES;
				CLANG_WARN_INT_CONVERSION = YES;
				CLANG_WARN_OBJC_ROOT_CLASS = YES_ERROR;
				CLANG_WARN_SUSPICIOUS_MOVE = YES;
				CLANG_WARN_UNREACHABLE_CODE = YES;
				CLANG_WARN__DUPLICATE_METHOD_MATCH = YES;
				"CODE_SIGN_IDENTITY[sdk=iphoneos*]" = "iPhone Developer";
				COPY_PHASE_STRIP = NO;
				DEBUG_INFORMATION_FORMAT = "dwarf-with-dsym";
				ENABLE_NS_ASSERTIONS = NO;
				ENABLE_STRICT_OBJC_MSGSEND = YES;
				GCC_C_LANGUAGE_STANDARD = gnu99;
				GCC_NO_COMMON_BLOCKS = YES;
				GCC_WARN_64_TO_32_BIT_CONVERSION = YES;
				GCC_WARN_ABOUT_RETURN_TYPE = YES_ERROR;
				GCC_WARN_UNDECLARED_SELECTOR = YES;
				GCC_WARN_UNINITIALIZED_AUTOS = YES_AGGRESSIVE;
				GCC_WARN_UNUSED_FUNCTION = YES;
				GCC_WARN_UNUSED_VARIABLE = YES;
				IPHONEOS_DEPLOYMENT_TARGET = 10.2;
				MTL_ENABLE_DEBUG_INFO = NO;
				SDKROOT = iphoneos;
				SWIFT_OPTIMIZATION_LEVEL = "-Owholemodule";
				VALIDATE_PRODUCT = YES;
			};
			name = Release;
		};
		989820E11EEDB0D00070BCED /* Debug */ = {
			isa = XCBuildConfiguration;
			buildSettings = {
				ASSETCATALOG_COMPILER_APPICON_NAME = AppIcon;
				DEVELOPMENT_TEAM = 29BFEDRFS6;
				INFOPLIST_FILE = SimpleWeather/Info.plist;
				LD_RUNPATH_SEARCH_PATHS = "$(inherited) @executable_path/Frameworks";
				PRODUCT_BUNDLE_IDENTIFIER = "com.cross-a.SimpleWeather";
				PRODUCT_NAME = "$(TARGET_NAME)";
				SWIFT_VERSION = 3.0;
			};
			name = Debug;
		};
		989820E21EEDB0D00070BCED /* Release */ = {
			isa = XCBuildConfiguration;
			buildSettings = {
				ASSETCATALOG_COMPILER_APPICON_NAME = AppIcon;
				DEVELOPMENT_TEAM = 29BFEDRFS6;
				INFOPLIST_FILE = SimpleWeather/Info.plist;
				LD_RUNPATH_SEARCH_PATHS = "$(inherited) @executable_path/Frameworks";
				PRODUCT_BUNDLE_IDENTIFIER = "com.cross-a.SimpleWeather";
				PRODUCT_NAME = "$(TARGET_NAME)";
				SWIFT_VERSION = 3.0;
			};
			name = Release;
		};
/* End XCBuildConfiguration section */

/* Begin XCConfigurationList section */
		989820C91EEDB0D00070BCED /* Build configuration list for PBXProject "SimpleWeather" */ = {
			isa = XCConfigurationList;
			buildConfigurations = (
				989820DE1EEDB0D00070BCED /* Debug */,
				989820DF1EEDB0D00070BCED /* Release */,
			);
			defaultConfigurationIsVisible = 0;
			defaultConfigurationName = Release;
		};
		989820E01EEDB0D00070BCED /* Build configuration list for PBXNativeTarget "SimpleWeather" */ = {
			isa = XCConfigurationList;
			buildConfigurations = (
				989820E11EEDB0D00070BCED /* Debug */,
				989820E21EEDB0D00070BCED /* Release */,
			);
			defaultConfigurationIsVisible = 0;
		};
/* End XCConfigurationList section */
	};
	rootObject = 989820C61EEDB0D00070BCED /* Project object */;
}
